// !$*UTF8*$!
{
	archiveVersion = 1;
	classes = {
	};
	objectVersion = 55;
	objects = {

/* Begin PBXBuildFile section */
		550FF0C428254BEA003E850D /* MenuItemModel.swift in Sources */ = {isa = PBXBuildFile; fileRef = 550FF0C328254BEA003E850D /* MenuItemModel.swift */; };
		5518E620283F65E70071BC9D /* MenuBarErrors.swift in Sources */ = {isa = PBXBuildFile; fileRef = 5518E61F283F65E70071BC9D /* MenuBarErrors.swift */; };
		5518E62328406FB80071BC9D /* ZipDropDelegate.swift in Sources */ = {isa = PBXBuildFile; fileRef = 5518E62228406FB80071BC9D /* ZipDropDelegate.swift */; };
		5518E626284261120071BC9D /* Defaults in Frameworks */ = {isa = PBXBuildFile; productRef = 5518E625284261120071BC9D /* Defaults */; };
		5518E629284261570071BC9D /* Defaults+Extensions.swift in Sources */ = {isa = PBXBuildFile; fileRef = 5518E628284261570071BC9D /* Defaults+Extensions.swift */; };
		551AAE9A283540480054C9C9 /* MenuItemManifistJSON.swift in Sources */ = {isa = PBXBuildFile; fileRef = 551AAE99283540480054C9C9 /* MenuItemManifistJSON.swift */; };
		5530CA54282B3F3A004409E4 /* Zip in Frameworks */ = {isa = PBXBuildFile; productRef = 5530CA53282B3F3A004409E4 /* Zip */; };
		55D722B627969F3D0024F6D1 /* Menu_BarApp.swift in Sources */ = {isa = PBXBuildFile; fileRef = 55D722B527969F3D0024F6D1 /* Menu_BarApp.swift */; };
		55D722B827969F3D0024F6D1 /* ContentView.swift in Sources */ = {isa = PBXBuildFile; fileRef = 55D722B727969F3D0024F6D1 /* ContentView.swift */; };
		55D722BA27969F410024F6D1 /* Assets.xcassets in Resources */ = {isa = PBXBuildFile; fileRef = 55D722B927969F410024F6D1 /* Assets.xcassets */; };
		55D722BD27969F410024F6D1 /* Preview Assets.xcassets in Resources */ = {isa = PBXBuildFile; fileRef = 55D722BC27969F410024F6D1 /* Preview Assets.xcassets */; };
		55DCABE7281EE72400019485 /* LICENSE in Resources */ = {isa = PBXBuildFile; fileRef = 55DCABE6281EE72400019485 /* LICENSE */; };
		55DCABEB2820F86200019485 /* MenuItemView.swift in Sources */ = {isa = PBXBuildFile; fileRef = 55DCABEA2820F86200019485 /* MenuItemView.swift */; };
		55DCABEE28215A9000019485 /* MenuItemManifist.swift in Sources */ = {isa = PBXBuildFile; fileRef = 55DCABED28215A9000019485 /* MenuItemManifist.swift */; };
		55E228DA2826999400DA5079 /* MenuItemInterpreter.swift in Sources */ = {isa = PBXBuildFile; fileRef = 55E228D92826999400DA5079 /* MenuItemInterpreter.swift */; };
/* End PBXBuildFile section */

/* Begin PBXFileReference section */
		550FF0C328254BEA003E850D /* MenuItemModel.swift */ = {isa = PBXFileReference; lastKnownFileType = sourcecode.swift; path = MenuItemModel.swift; sourceTree = "<group>"; };
		5518E61F283F65E70071BC9D /* MenuBarErrors.swift */ = {isa = PBXFileReference; lastKnownFileType = sourcecode.swift; path = MenuBarErrors.swift; sourceTree = "<group>"; };
		5518E621283F68630071BC9D /* Menu-Bar-Info.plist */ = {isa = PBXFileReference; lastKnownFileType = text.plist; path = "Menu-Bar-Info.plist"; sourceTree = SOURCE_ROOT; };
		5518E62228406FB80071BC9D /* ZipDropDelegate.swift */ = {isa = PBXFileReference; lastKnownFileType = sourcecode.swift; path = ZipDropDelegate.swift; sourceTree = "<group>"; };
		5518E628284261570071BC9D /* Defaults+Extensions.swift */ = {isa = PBXFileReference; lastKnownFileType = sourcecode.swift; path = "Defaults+Extensions.swift"; sourceTree = "<group>"; };
		551AAE99283540480054C9C9 /* MenuItemManifistJSON.swift */ = {isa = PBXFileReference; lastKnownFileType = sourcecode.swift; path = MenuItemManifistJSON.swift; sourceTree = "<group>"; };
		55D722B227969F3D0024F6D1 /* Menu Bar.app */ = {isa = PBXFileReference; explicitFileType = wrapper.application; includeInIndex = 0; path = "Menu Bar.app"; sourceTree = BUILT_PRODUCTS_DIR; };
		55D722B527969F3D0024F6D1 /* Menu_BarApp.swift */ = {isa = PBXFileReference; lastKnownFileType = sourcecode.swift; path = Menu_BarApp.swift; sourceTree = "<group>"; };
		55D722B727969F3D0024F6D1 /* ContentView.swift */ = {isa = PBXFileReference; lastKnownFileType = sourcecode.swift; path = ContentView.swift; sourceTree = "<group>"; };
		55D722B927969F410024F6D1 /* Assets.xcassets */ = {isa = PBXFileReference; lastKnownFileType = folder.assetcatalog; path = Assets.xcassets; sourceTree = "<group>"; };
		55D722BC27969F410024F6D1 /* Preview Assets.xcassets */ = {isa = PBXFileReference; lastKnownFileType = folder.assetcatalog; path = "Preview Assets.xcassets"; sourceTree = "<group>"; };
		55D722BE27969F410024F6D1 /* Menu_Bar.entitlements */ = {isa = PBXFileReference; lastKnownFileType = text.plist.entitlements; path = Menu_Bar.entitlements; sourceTree = "<group>"; };
		55DCABE6281EE72400019485 /* LICENSE */ = {isa = PBXFileReference; lastKnownFileType = text; path = LICENSE; sourceTree = "<group>"; };
		55DCABE8281EE74300019485 /* README.md */ = {isa = PBXFileReference; lastKnownFileType = net.daringfireball.markdown; path = README.md; sourceTree = "<group>"; };
		55DCABEA2820F86200019485 /* MenuItemView.swift */ = {isa = PBXFileReference; lastKnownFileType = sourcecode.swift; path = MenuItemView.swift; sourceTree = "<group>"; };
		55DCABED28215A9000019485 /* MenuItemManifist.swift */ = {isa = PBXFileReference; lastKnownFileType = sourcecode.swift; path = MenuItemManifist.swift; sourceTree = "<group>"; };
		55E228D92826999400DA5079 /* MenuItemInterpreter.swift */ = {isa = PBXFileReference; lastKnownFileType = sourcecode.swift; path = MenuItemInterpreter.swift; sourceTree = "<group>"; };
/* End PBXFileReference section */

/* Begin PBXFrameworksBuildPhase section */
		55D722AF27969F3D0024F6D1 /* Frameworks */ = {
			isa = PBXFrameworksBuildPhase;
			buildActionMask = 2147483647;
			files = (
				5518E626284261120071BC9D /* Defaults in Frameworks */,
				5530CA54282B3F3A004409E4 /* Zip in Frameworks */,
			);
			runOnlyForDeploymentPostprocessing = 0;
		};
/* End PBXFrameworksBuildPhase section */

/* Begin PBXGroup section */
		5518E61E283F65D50071BC9D /* Enums */ = {
			isa = PBXGroup;
			children = (
				5518E61F283F65E70071BC9D /* MenuBarErrors.swift */,
			);
			path = Enums;
			sourceTree = "<group>";
		};
		5518E627284261410071BC9D /* Extensions */ = {
			isa = PBXGroup;
			children = (
				5518E628284261570071BC9D /* Defaults+Extensions.swift */,
			);
			path = Extensions;
			sourceTree = "<group>";
		};
		55D722A927969F3D0024F6D1 = {
			isa = PBXGroup;
			children = (
				55DCABE8281EE74300019485 /* README.md */,
				55DCABE6281EE72400019485 /* LICENSE */,
				55D722B427969F3D0024F6D1 /* Menu Bar */,
				55D722B327969F3D0024F6D1 /* Products */,
			);
			sourceTree = "<group>";
		};
		55D722B327969F3D0024F6D1 /* Products */ = {
			isa = PBXGroup;
			children = (
				55D722B227969F3D0024F6D1 /* Menu Bar.app */,
			);
			name = Products;
			sourceTree = "<group>";
		};
		55D722B427969F3D0024F6D1 /* Menu Bar */ = {
			isa = PBXGroup;
			children = (
				5518E621283F68630071BC9D /* Menu-Bar-Info.plist */,
				55DCABEF28215AF200019485 /* Classes */,
				5518E61E283F65D50071BC9D /* Enums */,
				5518E627284261410071BC9D /* Extensions */,
				55DCABEC28215A7C00019485 /* Structs */,
				55DCABE92820F84400019485 /* Components */,
				55D722B527969F3D0024F6D1 /* Menu_BarApp.swift */,
				55D722B727969F3D0024F6D1 /* ContentView.swift */,
				55D722B927969F410024F6D1 /* Assets.xcassets */,
				55D722BE27969F410024F6D1 /* Menu_Bar.entitlements */,
				55D722BB27969F410024F6D1 /* Preview Content */,
			);
			path = "Menu Bar";
			sourceTree = "<group>";
		};
		55D722BB27969F410024F6D1 /* Preview Content */ = {
			isa = PBXGroup;
			children = (
				55D722BC27969F410024F6D1 /* Preview Assets.xcassets */,
			);
			path = "Preview Content";
			sourceTree = "<group>";
		};
		55DCABE92820F84400019485 /* Components */ = {
			isa = PBXGroup;
			children = (
				55DCABEA2820F86200019485 /* MenuItemView.swift */,
			);
			path = Components;
			sourceTree = "<group>";
		};
		55DCABEC28215A7C00019485 /* Structs */ = {
			isa = PBXGroup;
			children = (
				55DCABED28215A9000019485 /* MenuItemManifist.swift */,
				551AAE99283540480054C9C9 /* MenuItemManifistJSON.swift */,
				5518E62228406FB80071BC9D /* ZipDropDelegate.swift */,
			);
			path = Structs;
			sourceTree = "<group>";
		};
		55DCABEF28215AF200019485 /* Classes */ = {
			isa = PBXGroup;
			children = (
				550FF0C328254BEA003E850D /* MenuItemModel.swift */,
				55E228D92826999400DA5079 /* MenuItemInterpreter.swift */,
			);
			path = Classes;
			sourceTree = "<group>";
		};
/* End PBXGroup section */

/* Begin PBXNativeTarget section */
		55D722B127969F3D0024F6D1 /* Menu Bar */ = {
			isa = PBXNativeTarget;
			buildConfigurationList = 55D722C127969F410024F6D1 /* Build configuration list for PBXNativeTarget "Menu Bar" */;
			buildPhases = (
				55D722AE27969F3D0024F6D1 /* Sources */,
				55D722AF27969F3D0024F6D1 /* Frameworks */,
				55D722B027969F3D0024F6D1 /* Resources */,
				5530CA55282CDC15004409E4 /* Auto Increase Build Number */,
			);
			buildRules = (
			);
			dependencies = (
			);
			name = "Menu Bar";
			packageProductDependencies = (
				5530CA53282B3F3A004409E4 /* Zip */,
				5518E625284261120071BC9D /* Defaults */,
			);
			productName = "Menu Bar";
			productReference = 55D722B227969F3D0024F6D1 /* Menu Bar.app */;
			productType = "com.apple.product-type.application";
		};
/* End PBXNativeTarget section */

/* Begin PBXProject section */
		55D722AA27969F3D0024F6D1 /* Project object */ = {
			isa = PBXProject;
			attributes = {
				BuildIndependentTargetsInParallel = 1;
				LastSwiftUpdateCheck = 1320;
				LastUpgradeCheck = 1330;
				TargetAttributes = {
					55D722B127969F3D0024F6D1 = {
						CreatedOnToolsVersion = 13.2.1;
					};
				};
			};
			buildConfigurationList = 55D722AD27969F3D0024F6D1 /* Build configuration list for PBXProject "Menu Bar" */;
			compatibilityVersion = "Xcode 13.0";
			developmentRegion = en;
			hasScannedForEncodings = 0;
			knownRegions = (
				en,
				Base,
			);
			mainGroup = 55D722A927969F3D0024F6D1;
			packageReferences = (
				5530CA52282B3F3A004409E4 /* XCRemoteSwiftPackageReference "Zip" */,
				5518E624284261110071BC9D /* XCRemoteSwiftPackageReference "Defaults" */,
			);
			productRefGroup = 55D722B327969F3D0024F6D1 /* Products */;
			projectDirPath = "";
			projectRoot = "";
			targets = (
				55D722B127969F3D0024F6D1 /* Menu Bar */,
			);
		};
/* End PBXProject section */

/* Begin PBXResourcesBuildPhase section */
		55D722B027969F3D0024F6D1 /* Resources */ = {
			isa = PBXResourcesBuildPhase;
			buildActionMask = 2147483647;
			files = (
				55DCABE7281EE72400019485 /* LICENSE in Resources */,
				55D722BD27969F410024F6D1 /* Preview Assets.xcassets in Resources */,
				55D722BA27969F410024F6D1 /* Assets.xcassets in Resources */,
			);
			runOnlyForDeploymentPostprocessing = 0;
		};
/* End PBXResourcesBuildPhase section */

/* Begin PBXShellScriptBuildPhase section */
		5530CA55282CDC15004409E4 /* Auto Increase Build Number */ = {
			isa = PBXShellScriptBuildPhase;
			buildActionMask = 2147483647;
			files = (
			);
			inputFileListPaths = (
			);
			inputPaths = (
			);
			name = "Auto Increase Build Number";
			outputFileListPaths = (
			);
			outputPaths = (
			);
			runOnlyForDeploymentPostprocessing = 0;
			shellPath = /bin/sh;
			shellScript = "buildNumber=$(/usr/libexec/PlistBuddy -c \"Print CFBundleVersion\" \"${PROJECT_DIR}/${INFOPLIST_FILE}\")\nbuildNumber=$(($buildNumber + 1))\n/usr/libexec/PlistBuddy -c \"Set :CFBundleVersion $buildNumber\" \"${PROJECT_DIR}/${INFOPLIST_FILE}\"\n";
		};
/* End PBXShellScriptBuildPhase section */

/* Begin PBXSourcesBuildPhase section */
		55D722AE27969F3D0024F6D1 /* Sources */ = {
			isa = PBXSourcesBuildPhase;
			buildActionMask = 2147483647;
			files = (
				551AAE9A283540480054C9C9 /* MenuItemManifistJSON.swift in Sources */,
				5518E62328406FB80071BC9D /* ZipDropDelegate.swift in Sources */,
				55E228DA2826999400DA5079 /* MenuItemInterpreter.swift in Sources */,
				55DCABEE28215A9000019485 /* MenuItemManifist.swift in Sources */,
				55D722B827969F3D0024F6D1 /* ContentView.swift in Sources */,
				55DCABEB2820F86200019485 /* MenuItemView.swift in Sources */,
				5518E620283F65E70071BC9D /* MenuBarErrors.swift in Sources */,
				5518E629284261570071BC9D /* Defaults+Extensions.swift in Sources */,
				55D722B627969F3D0024F6D1 /* Menu_BarApp.swift in Sources */,
				550FF0C428254BEA003E850D /* MenuItemModel.swift in Sources */,
			);
			runOnlyForDeploymentPostprocessing = 0;
		};
/* End PBXSourcesBuildPhase section */

/* Begin XCBuildConfiguration section */
		55D722BF27969F410024F6D1 /* Debug */ = {
			isa = XCBuildConfiguration;
			buildSettings = {
				ALWAYS_SEARCH_USER_PATHS = NO;
				CLANG_ANALYZER_NONNULL = YES;
				CLANG_ANALYZER_NUMBER_OBJECT_CONVERSION = YES_AGGRESSIVE;
				CLANG_CXX_LANGUAGE_STANDARD = "gnu++17";
				CLANG_CXX_LIBRARY = "libc++";
				CLANG_ENABLE_MODULES = YES;
				CLANG_ENABLE_OBJC_ARC = YES;
				CLANG_ENABLE_OBJC_WEAK = YES;
				CLANG_WARN_BLOCK_CAPTURE_AUTORELEASING = YES;
				CLANG_WARN_BOOL_CONVERSION = YES;
				CLANG_WARN_COMMA = YES;
				CLANG_WARN_CONSTANT_CONVERSION = YES;
				CLANG_WARN_DEPRECATED_OBJC_IMPLEMENTATIONS = YES;
				CLANG_WARN_DIRECT_OBJC_ISA_USAGE = YES_ERROR;
				CLANG_WARN_DOCUMENTATION_COMMENTS = YES;
				CLANG_WARN_EMPTY_BODY = YES;
				CLANG_WARN_ENUM_CONVERSION = YES;
				CLANG_WARN_INFINITE_RECURSION = YES;
				CLANG_WARN_INT_CONVERSION = YES;
				CLANG_WARN_NON_LITERAL_NULL_CONVERSION = YES;
				CLANG_WARN_OBJC_IMPLICIT_RETAIN_SELF = YES;
				CLANG_WARN_OBJC_LITERAL_CONVERSION = YES;
				CLANG_WARN_OBJC_ROOT_CLASS = YES_ERROR;
				CLANG_WARN_QUOTED_INCLUDE_IN_FRAMEWORK_HEADER = YES;
				CLANG_WARN_RANGE_LOOP_ANALYSIS = YES;
				CLANG_WARN_STRICT_PROTOTYPES = YES;
				CLANG_WARN_SUSPICIOUS_MOVE = YES;
				CLANG_WARN_UNGUARDED_AVAILABILITY = YES_AGGRESSIVE;
				CLANG_WARN_UNREACHABLE_CODE = YES;
				CLANG_WARN__DUPLICATE_METHOD_MATCH = YES;
				COPY_PHASE_STRIP = NO;
				DEBUG_INFORMATION_FORMAT = dwarf;
				ENABLE_STRICT_OBJC_MSGSEND = YES;
				ENABLE_TESTABILITY = YES;
				GCC_C_LANGUAGE_STANDARD = gnu11;
				GCC_DYNAMIC_NO_PIC = NO;
				GCC_NO_COMMON_BLOCKS = YES;
				GCC_OPTIMIZATION_LEVEL = 0;
				GCC_PREPROCESSOR_DEFINITIONS = (
					"DEBUG=1",
					"$(inherited)",
				);
				GCC_WARN_64_TO_32_BIT_CONVERSION = YES;
				GCC_WARN_ABOUT_RETURN_TYPE = YES_ERROR;
				GCC_WARN_UNDECLARED_SELECTOR = YES;
				GCC_WARN_UNINITIALIZED_AUTOS = YES_AGGRESSIVE;
				GCC_WARN_UNUSED_FUNCTION = YES;
				GCC_WARN_UNUSED_VARIABLE = YES;
				MACOSX_DEPLOYMENT_TARGET = 11.0;
				MTL_ENABLE_DEBUG_INFO = INCLUDE_SOURCE;
				MTL_FAST_MATH = YES;
				ONLY_ACTIVE_ARCH = YES;
				SDKROOT = macosx;
				SWIFT_ACTIVE_COMPILATION_CONDITIONS = DEBUG;
				SWIFT_OPTIMIZATION_LEVEL = "-Onone";
			};
			name = Debug;
		};
		55D722C027969F410024F6D1 /* Release */ = {
			isa = XCBuildConfiguration;
			buildSettings = {
				ALWAYS_SEARCH_USER_PATHS = NO;
				CLANG_ANALYZER_NONNULL = YES;
				CLANG_ANALYZER_NUMBER_OBJECT_CONVERSION = YES_AGGRESSIVE;
				CLANG_CXX_LANGUAGE_STANDARD = "gnu++17";
				CLANG_CXX_LIBRARY = "libc++";
				CLANG_ENABLE_MODULES = YES;
				CLANG_ENABLE_OBJC_ARC = YES;
				CLANG_ENABLE_OBJC_WEAK = YES;
				CLANG_WARN_BLOCK_CAPTURE_AUTORELEASING = YES;
				CLANG_WARN_BOOL_CONVERSION = YES;
				CLANG_WARN_COMMA = YES;
				CLANG_WARN_CONSTANT_CONVERSION = YES;
				CLANG_WARN_DEPRECATED_OBJC_IMPLEMENTATIONS = YES;
				CLANG_WARN_DIRECT_OBJC_ISA_USAGE = YES_ERROR;
				CLANG_WARN_DOCUMENTATION_COMMENTS = YES;
				CLANG_WARN_EMPTY_BODY = YES;
				CLANG_WARN_ENUM_CONVERSION = YES;
				CLANG_WARN_INFINITE_RECURSION = YES;
				CLANG_WARN_INT_CONVERSION = YES;
				CLANG_WARN_NON_LITERAL_NULL_CONVERSION = YES;
				CLANG_WARN_OBJC_IMPLICIT_RETAIN_SELF = YES;
				CLANG_WARN_OBJC_LITERAL_CONVERSION = YES;
				CLANG_WARN_OBJC_ROOT_CLASS = YES_ERROR;
				CLANG_WARN_QUOTED_INCLUDE_IN_FRAMEWORK_HEADER = YES;
				CLANG_WARN_RANGE_LOOP_ANALYSIS = YES;
				CLANG_WARN_STRICT_PROTOTYPES = YES;
				CLANG_WARN_SUSPICIOUS_MOVE = YES;
				CLANG_WARN_UNGUARDED_AVAILABILITY = YES_AGGRESSIVE;
				CLANG_WARN_UNREACHABLE_CODE = YES;
				CLANG_WARN__DUPLICATE_METHOD_MATCH = YES;
				COPY_PHASE_STRIP = NO;
				DEBUG_INFORMATION_FORMAT = "dwarf-with-dsym";
				ENABLE_NS_ASSERTIONS = NO;
				ENABLE_STRICT_OBJC_MSGSEND = YES;
				GCC_C_LANGUAGE_STANDARD = gnu11;
				GCC_NO_COMMON_BLOCKS = YES;
				GCC_WARN_64_TO_32_BIT_CONVERSION = YES;
				GCC_WARN_ABOUT_RETURN_TYPE = YES_ERROR;
				GCC_WARN_UNDECLARED_SELECTOR = YES;
				GCC_WARN_UNINITIALIZED_AUTOS = YES_AGGRESSIVE;
				GCC_WARN_UNUSED_FUNCTION = YES;
				GCC_WARN_UNUSED_VARIABLE = YES;
				MACOSX_DEPLOYMENT_TARGET = 11.0;
				MTL_ENABLE_DEBUG_INFO = NO;
				MTL_FAST_MATH = YES;
				SDKROOT = macosx;
				SWIFT_COMPILATION_MODE = wholemodule;
				SWIFT_OPTIMIZATION_LEVEL = "-O";
			};
			name = Release;
		};
		55D722C227969F410024F6D1 /* Debug */ = {
			isa = XCBuildConfiguration;
			buildSettings = {
				ASSETCATALOG_COMPILER_APPICON_NAME = AppIcon;
				ASSETCATALOG_COMPILER_GLOBAL_ACCENT_COLOR_NAME = AccentColor;
				CODE_SIGN_ENTITLEMENTS = "Menu Bar/Menu_Bar.entitlements";
				CODE_SIGN_IDENTITY = "Apple Development";
				CODE_SIGN_STYLE = Automatic;
				COMBINE_HIDPI_IMAGES = YES;
				CURRENT_PROJECT_VERSION = 1;
				DEVELOPMENT_ASSET_PATHS = "\"Menu Bar/Preview Content\"";
				DEVELOPMENT_TEAM = 32Z9KZZ4PU;
				ENABLE_HARDENED_RUNTIME = YES;
				ENABLE_PREVIEWS = YES;
				GENERATE_INFOPLIST_FILE = YES;
				INFOPLIST_FILE = "Menu-Bar-Info.plist";
				INFOPLIST_KEY_NSHumanReadableCopyright = "";
				LD_RUNPATH_SEARCH_PATHS = (
					"$(inherited)",
					"@executable_path/../Frameworks",
				);
				MACOSX_DEPLOYMENT_TARGET = 11.0;
				MARKETING_VERSION = 1.0;
				PRODUCT_BUNDLE_IDENTIFIER = "xyz.helloyunho.Menu-Bar";
				PRODUCT_NAME = "$(TARGET_NAME)";
				PROVISIONING_PROFILE_SPECIFIER = "";
				SWIFT_EMIT_LOC_STRINGS = YES;
				SWIFT_VERSION = 5.0;
			};
			name = Debug;
		};
		55D722C327969F410024F6D1 /* Release */ = {
			isa = XCBuildConfiguration;
			buildSettings = {
				ASSETCATALOG_COMPILER_APPICON_NAME = AppIcon;
				ASSETCATALOG_COMPILER_GLOBAL_ACCENT_COLOR_NAME = AccentColor;
				CODE_SIGN_ENTITLEMENTS = "Menu Bar/Menu_Bar.entitlements";
				CODE_SIGN_IDENTITY = "Apple Development";
				CODE_SIGN_STYLE = Automatic;
				COMBINE_HIDPI_IMAGES = YES;
				CURRENT_PROJECT_VERSION = 1;
				DEVELOPMENT_ASSET_PATHS = "\"Menu Bar/Preview Content\"";
				DEVELOPMENT_TEAM = 32Z9KZZ4PU;
				ENABLE_HARDENED_RUNTIME = YES;
				ENABLE_PREVIEWS = YES;
				GENERATE_INFOPLIST_FILE = YES;
				INFOPLIST_FILE = "Menu-Bar-Info.plist";
				INFOPLIST_KEY_NSHumanReadableCopyright = "";
				LD_RUNPATH_SEARCH_PATHS = (
					"$(inherited)",
					"@executable_path/../Frameworks",
				);
				MACOSX_DEPLOYMENT_TARGET = 11.0;
				MARKETING_VERSION = 1.0;
				PRODUCT_BUNDLE_IDENTIFIER = "xyz.helloyunho.Menu-Bar";
				PRODUCT_NAME = "$(TARGET_NAME)";
				PROVISIONING_PROFILE_SPECIFIER = "";
				SWIFT_EMIT_LOC_STRINGS = YES;
				SWIFT_VERSION = 5.0;
			};
			name = Release;
		};
/* End XCBuildConfiguration section */

/* Begin XCConfigurationList section */
		55D722AD27969F3D0024F6D1 /* Build configuration list for PBXProject "Menu Bar" */ = {
			isa = XCConfigurationList;
			buildConfigurations = (
				55D722BF27969F410024F6D1 /* Debug */,
				55D722C027969F410024F6D1 /* Release */,
			);
			defaultConfigurationIsVisible = 0;
			defaultConfigurationName = Release;
		};
		55D722C127969F410024F6D1 /* Build configuration list for PBXNativeTarget "Menu Bar" */ = {
			isa = XCConfigurationList;
			buildConfigurations = (
				55D722C227969F410024F6D1 /* Debug */,
				55D722C327969F410024F6D1 /* Release */,
			);
			defaultConfigurationIsVisible = 0;
			defaultConfigurationName = Release;
		};
/* End XCConfigurationList section */

/* Begin XCRemoteSwiftPackageReference section */
		5518E624284261110071BC9D /* XCRemoteSwiftPackageReference "Defaults" */ = {
			isa = XCRemoteSwiftPackageReference;
			repositoryURL = "https://github.com/sindresorhus/Defaults";
			requirement = {
				kind = upToNextMajorVersion;
				minimumVersion = 6.2.1;
			};
		};
		5530CA52282B3F3A004409E4 /* XCRemoteSwiftPackageReference "Zip" */ = {
			isa = XCRemoteSwiftPackageReference;
			repositoryURL = "https://github.com/marmelroy/Zip";
			requirement = {
				kind = upToNextMajorVersion;
				minimumVersion = 2.0.0;
			};
		};
/* End XCRemoteSwiftPackageReference section */

/* Begin XCSwiftPackageProductDependency section */
		5518E625284261120071BC9D /* Defaults */ = {
			isa = XCSwiftPackageProductDependency;
			package = 5518E624284261110071BC9D /* XCRemoteSwiftPackageReference "Defaults" */;
			productName = Defaults;
		};
		5530CA53282B3F3A004409E4 /* Zip */ = {
			isa = XCSwiftPackageProductDependency;
			package = 5530CA52282B3F3A004409E4 /* XCRemoteSwiftPackageReference "Zip" */;
			productName = Zip;
		};
/* End XCSwiftPackageProductDependency section */
	};
	rootObject = 55D722AA27969F3D0024F6D1 /* Project object */;
}
